
Microsoft Visual Studio Solution File, Format Version 12.00
# Visual Studio Version 16
VisualStudioVersion = 16.0.31702.278
MinimumVisualStudioVersion = 10.0.40219.1
Project("{2150E333-8FDC-42A3-9474-1A3956D46DE8}") = "Task0", "Task0", "{C1EE2CF3-DAB4-46B1-95E4-17799B4847CD}"
EndProject
Project("{FAE04EC0-301F-11D3-BF4B-00C04F79EFBC}") = "Tyuiu.AramaAG.Sprint4.Task0.V7", "Tyuiu.AramaAG.Sprint4.Task0.V7\Tyuiu.AramaAG.Sprint4.Task0.V7.csproj", "{F7A575FE-E0F8-4FB5-A96B-51B89092AACF}"
EndProject
Project("{FAE04EC0-301F-11D3-BF4B-00C04F79EFBC}") = "Tyuiu.AramaAG.Sprint4.Task0.V7.Test", "Tyuiu.AramaAG.Sprint4.Task0.V7.Test\Tyuiu.AramaAG.Sprint4.Task0.V7.Test.csproj", "{E03709E6-4ED3-46CC-8CCD-5B7E6FA75A42}"
EndProject
Project("{FAE04EC0-301F-11D3-BF4B-00C04F79EFBC}") = "Tyuiu.AramaAG.Sprint4.Task0.V7.Lib", "Tyuiu.AramaAG.Sprint4.Task0.V7.Lib\Tyuiu.AramaAG.Sprint4.Task0.V7.Lib.csproj", "{858AECE9-B36A-4511-BA25-033BE25DF943}"
EndProject
Project("{2150E333-8FDC-42A3-9474-1A3956D46DE8}") = "Task1", "Task1", "{AA34EA93-3E89-49AF-8D52-6D9DF5EB13AD}"
EndProject
Project("{FAE04EC0-301F-11D3-BF4B-00C04F79EFBC}") = "Tyuiu.AramaAG.Sprint4.Task1.V19", "Tyuiu.AramaAG.Sprint4.Task1.V19\Tyuiu.AramaAG.Sprint4.Task1.V19.csproj", "{3712FF52-EEEF-4D0D-B8B8-790132AC1186}"
EndProject
Project("{FAE04EC0-301F-11D3-BF4B-00C04F79EFBC}") = "Tyuiu.AramaAG.Sprint4.Task1.V19.Test", "Tyuiu.AramaAG.Sprint4.Task1.V19.Test\Tyuiu.AramaAG.Sprint4.Task1.V19.Test.csproj", "{5EEE739B-ACDE-4B59-A033-B6D3E455DAB1}"
EndProject
Project("{FAE04EC0-301F-11D3-BF4B-00C04F79EFBC}") = "Tyuiu.AramaAG.Sprint4.Task1.V19.Lib", "Tyuiu.AramaAG.Sprint4.Task1.V19.Lib\Tyuiu.AramaAG.Sprint4.Task1.V19.Lib.csproj", "{F38A859C-750B-4A3C-9972-1CEC8DA388BB}"
EndProject
Project("{2150E333-8FDC-42A3-9474-1A3956D46DE8}") = "Task2", "Task2", "{6FF51EE5-3055-4F0C-83B9-26B800B39374}"
EndProject
Project("{FAE04EC0-301F-11D3-BF4B-00C04F79EFBC}") = "Tyuiu.AramaAG.Sprint4.Task2.V16", "Tyuiu.AramaAG.Sprint4.Task2.V16\Tyuiu.AramaAG.Sprint4.Task2.V16.csproj", "{46FCC99B-44A2-4374-92FC-63017AA14AA2}"
EndProject
Project("{FAE04EC0-301F-11D3-BF4B-00C04F79EFBC}") = "Tyuiu.AramaAG.Sprint4.Task2.V16.Test", "Tyuiu.AramaAG.Sprint4.Task2.V16.Test\Tyuiu.AramaAG.Sprint4.Task2.V16.Test.csproj", "{E8D8B1D8-7AFB-4AF8-BAC4-7C0335F36DD2}"
EndProject
Project("{FAE04EC0-301F-11D3-BF4B-00C04F79EFBC}") = "Tyuiu.AramaAG.Sprint4.Task2.V16.Lib", "Tyuiu.AramaAG.Sprint4.Task2.V16.Lib\Tyuiu.AramaAG.Sprint4.Task2.V16.Lib.csproj", "{F1491ED2-7828-4E81-8B39-871297B96062}"
EndProject
Project("{2150E333-8FDC-42A3-9474-1A3956D46DE8}") = "Task3", "Task3", "{8C06AA3C-A392-42F1-93CC-2FC3B1F35C19}"
EndProject
Project("{FAE04EC0-301F-11D3-BF4B-00C04F79EFBC}") = "Tyuiu.AramaAG.Sprint4.Task3.V20", "Tyuiu.AramaAG.Sprint4.Task3.V20\Tyuiu.AramaAG.Sprint4.Task3.V20.csproj", "{1DD18474-F398-469B-BA0C-9A79DC8ADFA0}"
EndProject
Project("{FAE04EC0-301F-11D3-BF4B-00C04F79EFBC}") = "Tyuiu.AramaAG.Sprint4.Task3.V20.Test", "Tyuiu.AramaAG.Sprint4.Task3.V20.Test\Tyuiu.AramaAG.Sprint4.Task3.V20.Test.csproj", "{5A55D0AA-D814-4AD9-8419-A83591AB3D56}"
EndProject
Project("{FAE04EC0-301F-11D3-BF4B-00C04F79EFBC}") = "Tyuiu.AramaAG.Sprint4.Task3.V20.Lib", "Tyuiu.AramaAG.Sprint4.Task3.V20.Lib\Tyuiu.AramaAG.Sprint4.Task3.V20.Lib.csproj", "{B80B839F-2D33-49CA-AD5C-55992C969959}"
EndProject
Project("{2150E333-8FDC-42A3-9474-1A3956D46DE8}") = "Task4", "Task4", "{1B617E09-062B-415D-BF87-59F5169E3138}"
EndProject
Project("{FAE04EC0-301F-11D3-BF4B-00C04F79EFBC}") = "Tyuiu.AramaAG.Sprint4.Task4.V6", "Tyuiu.AramaAG.Sprint4.Task4.V6\Tyuiu.AramaAG.Sprint4.Task4.V6.csproj", "{9EE2F753-82DE-451F-B61E-12074F692873}"
EndProject
Project("{FAE04EC0-301F-11D3-BF4B-00C04F79EFBC}") = "Tyuiu.AramaAG.Sprint4.Task4.V6.Test", "Tyuiu.AramaAG.Sprint4.Task4.V6.Test\Tyuiu.AramaAG.Sprint4.Task4.V6.Test.csproj", "{F4C6A47F-D399-4CDD-A34B-98C562143CCB}"
EndProject
Project("{FAE04EC0-301F-11D3-BF4B-00C04F79EFBC}") = "Tyuiu.AramaAG.Sprint4.Task4.V6.Lib", "Tyuiu.AramaAG.Sprint4.Task4.V6.Lib\Tyuiu.AramaAG.Sprint4.Task4.V6.Lib.csproj", "{29B94565-74F9-4CF4-A026-71716FFC77C9}"
EndProject
Global
	GlobalSection(SolutionConfigurationPlatforms) = preSolution
		Debug|Any CPU = Debug|Any CPU
		Release|Any CPU = Release|Any CPU
	EndGlobalSection
	GlobalSection(ProjectConfigurationPlatforms) = postSolution
		{F7A575FE-E0F8-4FB5-A96B-51B89092AACF}.Debug|Any CPU.ActiveCfg = Debug|Any CPU
		{F7A575FE-E0F8-4FB5-A96B-51B89092AACF}.Debug|Any CPU.Build.0 = Debug|Any CPU
		{F7A575FE-E0F8-4FB5-A96B-51B89092AACF}.Release|Any CPU.ActiveCfg = Release|Any CPU
		{F7A575FE-E0F8-4FB5-A96B-51B89092AACF}.Release|Any CPU.Build.0 = Release|Any CPU
		{E03709E6-4ED3-46CC-8CCD-5B7E6FA75A42}.Debug|Any CPU.ActiveCfg = Debug|Any CPU
		{E03709E6-4ED3-46CC-8CCD-5B7E6FA75A42}.Debug|Any CPU.Build.0 = Debug|Any CPU
		{E03709E6-4ED3-46CC-8CCD-5B7E6FA75A42}.Release|Any CPU.ActiveCfg = Release|Any CPU
		{E03709E6-4ED3-46CC-8CCD-5B7E6FA75A42}.Release|Any CPU.Build.0 = Release|Any CPU
		{858AECE9-B36A-4511-BA25-033BE25DF943}.Debug|Any CPU.ActiveCfg = Debug|Any CPU
		{858AECE9-B36A-4511-BA25-033BE25DF943}.Debug|Any CPU.Build.0 = Debug|Any CPU
		{858AECE9-B36A-4511-BA25-033BE25DF943}.Release|Any CPU.ActiveCfg = Release|Any CPU
		{858AECE9-B36A-4511-BA25-033BE25DF943}.Release|Any CPU.Build.0 = Release|Any CPU
		{3712FF52-EEEF-4D0D-B8B8-790132AC1186}.Debug|Any CPU.ActiveCfg = Debug|Any CPU
		{3712FF52-EEEF-4D0D-B8B8-790132AC1186}.Debug|Any CPU.Build.0 = Debug|Any CPU
		{3712FF52-EEEF-4D0D-B8B8-790132AC1186}.Release|Any CPU.ActiveCfg = Release|Any CPU
		{3712FF52-EEEF-4D0D-B8B8-790132AC1186}.Release|Any CPU.Build.0 = Release|Any CPU
		{5EEE739B-ACDE-4B59-A033-B6D3E455DAB1}.Debug|Any CPU.ActiveCfg = Debug|Any CPU
		{5EEE739B-ACDE-4B59-A033-B6D3E455DAB1}.Debug|Any CPU.Build.0 = Debug|Any CPU
		{5EEE739B-ACDE-4B59-A033-B6D3E455DAB1}.Release|Any CPU.ActiveCfg = Release|Any CPU
		{5EEE739B-ACDE-4B59-A033-B6D3E455DAB1}.Release|Any CPU.Build.0 = Release|Any CPU
		{F38A859C-750B-4A3C-9972-1CEC8DA388BB}.Debug|Any CPU.ActiveCfg = Debug|Any CPU
		{F38A859C-750B-4A3C-9972-1CEC8DA388BB}.Debug|Any CPU.Build.0 = Debug|Any CPU
		{F38A859C-750B-4A3C-9972-1CEC8DA388BB}.Release|Any CPU.ActiveCfg = Release|Any CPU
		{F38A859C-750B-4A3C-9972-1CEC8DA388BB}.Release|Any CPU.Build.0 = Release|Any CPU
		{46FCC99B-44A2-4374-92FC-63017AA14AA2}.Debug|Any CPU.ActiveCfg = Debug|Any CPU
		{46FCC99B-44A2-4374-92FC-63017AA14AA2}.Debug|Any CPU.Build.0 = Debug|Any CPU
		{46FCC99B-44A2-4374-92FC-63017AA14AA2}.Release|Any CPU.ActiveCfg = Release|Any CPU
		{46FCC99B-44A2-4374-92FC-63017AA14AA2}.Release|Any CPU.Build.0 = Release|Any CPU
		{E8D8B1D8-7AFB-4AF8-BAC4-7C0335F36DD2}.Debug|Any CPU.ActiveCfg = Debug|Any CPU
		{E8D8B1D8-7AFB-4AF8-BAC4-7C0335F36DD2}.Debug|Any CPU.Build.0 = Debug|Any CPU
		{E8D8B1D8-7AFB-4AF8-BAC4-7C0335F36DD2}.Release|Any CPU.ActiveCfg = Release|Any CPU
		{E8D8B1D8-7AFB-4AF8-BAC4-7C0335F36DD2}.Release|Any CPU.Build.0 = Release|Any CPU
		{F1491ED2-7828-4E81-8B39-871297B96062}.Debug|Any CPU.ActiveCfg = Debug|Any CPU
		{F1491ED2-7828-4E81-8B39-871297B96062}.Debug|Any CPU.Build.0 = Debug|Any CPU
		{F1491ED2-7828-4E81-8B39-871297B96062}.Release|Any CPU.ActiveCfg = Release|Any CPU
		{F1491ED2-7828-4E81-8B39-871297B96062}.Release|Any CPU.Build.0 = Release|Any CPU
		{1DD18474-F398-469B-BA0C-9A79DC8ADFA0}.Debug|Any CPU.ActiveCfg = Debug|Any CPU
		{1DD18474-F398-469B-BA0C-9A79DC8ADFA0}.Debug|Any CPU.Build.0 = Debug|Any CPU
		{1DD18474-F398-469B-BA0C-9A79DC8ADFA0}.Release|Any CPU.ActiveCfg = Release|Any CPU
		{1DD18474-F398-469B-BA0C-9A79DC8ADFA0}.Release|Any CPU.Build.0 = Release|Any CPU
		{5A55D0AA-D814-4AD9-8419-A83591AB3D56}.Debug|Any CPU.ActiveCfg = Debug|Any CPU
		{5A55D0AA-D814-4AD9-8419-A83591AB3D56}.Debug|Any CPU.Build.0 = Debug|Any CPU
		{5A55D0AA-D814-4AD9-8419-A83591AB3D56}.Release|Any CPU.ActiveCfg = Release|Any CPU
		{5A55D0AA-D814-4AD9-8419-A83591AB3D56}.Release|Any CPU.Build.0 = Release|Any CPU
		{B80B839F-2D33-49CA-AD5C-55992C969959}.Debug|Any CPU.ActiveCfg = Debug|Any CPU
		{B80B839F-2D33-49CA-AD5C-55992C969959}.Debug|Any CPU.Build.0 = Debug|Any CPU
		{B80B839F-2D33-49CA-AD5C-55992C969959}.Release|Any CPU.ActiveCfg = Release|Any CPU
		{B80B839F-2D33-49CA-AD5C-55992C969959}.Release|Any CPU.Build.0 = Release|Any CPU
		{9EE2F753-82DE-451F-B61E-12074F692873}.Debug|Any CPU.ActiveCfg = Debug|Any CPU
		{9EE2F753-82DE-451F-B61E-12074F692873}.Debug|Any CPU.Build.0 = Debug|Any CPU
		{9EE2F753-82DE-451F-B61E-12074F692873}.Release|Any CPU.ActiveCfg = Release|Any CPU
		{9EE2F753-82DE-451F-B61E-12074F692873}.Release|Any CPU.Build.0 = Release|Any CPU
		{F4C6A47F-D399-4CDD-A34B-98C562143CCB}.Debug|Any CPU.ActiveCfg = Debug|Any CPU
		{F4C6A47F-D399-4CDD-A34B-98C562143CCB}.Debug|Any CPU.Build.0 = Debug|Any CPU
		{F4C6A47F-D399-4CDD-A34B-98C562143CCB}.Release|Any CPU.ActiveCfg = Release|Any CPU
		{F4C6A47F-D399-4CDD-A34B-98C562143CCB}.Release|Any CPU.Build.0 = Release|Any CPU
		{29B94565-74F9-4CF4-A026-71716FFC77C9}.Debug|Any CPU.ActiveCfg = Debug|Any CPU
		{29B94565-74F9-4CF4-A026-71716FFC77C9}.Debug|Any CPU.Build.0 = Debug|Any CPU
		{29B94565-74F9-4CF4-A026-71716FFC77C9}.Release|Any CPU.ActiveCfg = Release|Any CPU
		{29B94565-74F9-4CF4-A026-71716FFC77C9}.Release|Any CPU.Build.0 = Release|Any CPU
	EndGlobalSection
	GlobalSection(SolutionProperties) = preSolution
		HideSolutionNode = FALSE
	EndGlobalSection
	GlobalSection(NestedProjects) = preSolution
		{F7A575FE-E0F8-4FB5-A96B-51B89092AACF} = {C1EE2CF3-DAB4-46B1-95E4-17799B4847CD}
		{E03709E6-4ED3-46CC-8CCD-5B7E6FA75A42} = {C1EE2CF3-DAB4-46B1-95E4-17799B4847CD}
		{858AECE9-B36A-4511-BA25-033BE25DF943} = {C1EE2CF3-DAB4-46B1-95E4-17799B4847CD}
		{3712FF52-EEEF-4D0D-B8B8-790132AC1186} = {AA34EA93-3E89-49AF-8D52-6D9DF5EB13AD}
		{5EEE739B-ACDE-4B59-A033-B6D3E455DAB1} = {AA34EA93-3E89-49AF-8D52-6D9DF5EB13AD}
		{F38A859C-750B-4A3C-9972-1CEC8DA388BB} = {AA34EA93-3E89-49AF-8D52-6D9DF5EB13AD}
		{46FCC99B-44A2-4374-92FC-63017AA14AA2} = {6FF51EE5-3055-4F0C-83B9-26B800B39374}
		{E8D8B1D8-7AFB-4AF8-BAC4-7C0335F36DD2} = {6FF51EE5-3055-4F0C-83B9-26B800B39374}
		{F1491ED2-7828-4E81-8B39-871297B96062} = {6FF51EE5-3055-4F0C-83B9-26B800B39374}
		{1DD18474-F398-469B-BA0C-9A79DC8ADFA0} = {8C06AA3C-A392-42F1-93CC-2FC3B1F35C19}
		{5A55D0AA-D814-4AD9-8419-A83591AB3D56} = {8C06AA3C-A392-42F1-93CC-2FC3B1F35C19}
		{B80B839F-2D33-49CA-AD5C-55992C969959} = {8C06AA3C-A392-42F1-93CC-2FC3B1F35C19}
		{9EE2F753-82DE-451F-B61E-12074F692873} = {1B617E09-062B-415D-BF87-59F5169E3138}
		{F4C6A47F-D399-4CDD-A34B-98C562143CCB} = {1B617E09-062B-415D-BF87-59F5169E3138}
		{29B94565-74F9-4CF4-A026-71716FFC77C9} = {1B617E09-062B-415D-BF87-59F5169E3138}
	EndGlobalSection
	GlobalSection(ExtensibilityGlobals) = postSolution
		SolutionGuid = {A213A0F6-D09A-49CB-A40E-B38D9BFA5568}
	EndGlobalSection
EndGlobal
